PODS:
  - connectivity_plus (0.0.1):
    - Flutter
    - FlutterMacOS
  - device_info_plus (0.0.1):
    - FlutterMacOS
  - file_selector_macos (0.0.1):
    - FlutterMacOS
  - flutter_secure_storage_macos (6.1.1):
    - FlutterMacOS
  - flutter_webrtc (0.11.3):
    - FlutterMacOS
    - WebRTC-SDK (= 125.6422.04)
  - FlutterMacOS (1.0.0)
  - FMDB/SQLCipher (2.7.11):
    - SQLCipher (~> 4.0)
  - irondash_engine_context (0.0.1):
    - FlutterMacOS
  - path_provider_foundation (0.0.1):
    - Flutter
    - FlutterMacOS
  - screen_retriever (0.0.1):
    - FlutterMacOS
  - share_plus (0.0.1):
    - FlutterMacOS
  - shared_preferences_foundation (0.0.1):
    - Flutter
    - FlutterMacOS
  - smart_auth (0.0.1):
    - FlutterMacOS
  - sqflite (0.0.3):
    - Flutter
    - FlutterMacOS
  - sqflite_sqlcipher (0.0.1):
    - FlutterMacOS
    - FMDB/SQLCipher (~> 2.7.5)
    - SQLCipher (= 4.5.4)
  - SQLCipher (4.5.4):
    - SQLCipher/standard (= 4.5.4)
  - SQLCipher/common (4.5.4)
  - SQLCipher/standard (4.5.4):
    - SQLCipher/common
  - "sqlite3 (3.46.1+1)":
    - "sqlite3/common (= 3.46.1+1)"
  - "sqlite3/common (3.46.1+1)"
  - "sqlite3/dbstatvtab (3.46.1+1)":
    - sqlite3/common
  - "sqlite3/fts5 (3.46.1+1)":
    - sqlite3/common
  - "sqlite3/perf-threadsafe (3.46.1+1)":
    - sqlite3/common
  - "sqlite3/rtree (3.46.1+1)":
    - sqlite3/common
  - sqlite3_flutter_libs (0.0.1):
    - FlutterMacOS
    - "sqlite3 (~> 3.46.0+1)"
    - sqlite3/dbstatvtab
    - sqlite3/fts5
    - sqlite3/perf-threadsafe
    - sqlite3/rtree
  - super_native_extensions (0.0.1):
    - FlutterMacOS
  - url_launcher_macos (0.0.1):
    - FlutterMacOS
  - video_player_avfoundation (0.0.1):
    - Flutter
    - FlutterMacOS
  - WebRTC-SDK (125.6422.04)
  - window_manager (0.2.0):
    - FlutterMacOS

DEPENDENCIES:
  - connectivity_plus (from `Flutter/ephemeral/.symlinks/plugins/connectivity_plus/darwin`)
  - device_info_plus (from `Flutter/ephemeral/.symlinks/plugins/device_info_plus/macos`)
  - file_selector_macos (from `Flutter/ephemeral/.symlinks/plugins/file_selector_macos/macos`)
  - flutter_secure_storage_macos (from `Flutter/ephemeral/.symlinks/plugins/flutter_secure_storage_macos/macos`)
  - flutter_webrtc (from `Flutter/ephemeral/.symlinks/plugins/flutter_webrtc/macos`)
  - FlutterMacOS (from `Flutter/ephemeral`)
  - irondash_engine_context (from `Flutter/ephemeral/.symlinks/plugins/irondash_engine_context/macos`)
  - path_provider_foundation (from `Flutter/ephemeral/.symlinks/plugins/path_provider_foundation/darwin`)
  - screen_retriever (from `Flutter/ephemeral/.symlinks/plugins/screen_retriever/macos`)
  - share_plus (from `Flutter/ephemeral/.symlinks/plugins/share_plus/macos`)
  - shared_preferences_foundation (from `Flutter/ephemeral/.symlinks/plugins/shared_preferences_foundation/darwin`)
  - smart_auth (from `Flutter/ephemeral/.symlinks/plugins/smart_auth/macos`)
  - sqflite (from `Flutter/ephemeral/.symlinks/plugins/sqflite/darwin`)
  - sqflite_sqlcipher (from `Flutter/ephemeral/.symlinks/plugins/sqflite_sqlcipher/macos`)
  - sqlite3_flutter_libs (from `Flutter/ephemeral/.symlinks/plugins/sqlite3_flutter_libs/macos`)
  - super_native_extensions (from `Flutter/ephemeral/.symlinks/plugins/super_native_extensions/macos`)
  - url_launcher_macos (from `Flutter/ephemeral/.symlinks/plugins/url_launcher_macos/macos`)
  - video_player_avfoundation (from `Flutter/ephemeral/.symlinks/plugins/video_player_avfoundation/darwin`)
  - window_manager (from `Flutter/ephemeral/.symlinks/plugins/window_manager/macos`)

SPEC REPOS:
  trunk:
    - FMDB
    - SQLCipher
    - sqlite3
    - WebRTC-SDK

EXTERNAL SOURCES:
  connectivity_plus:
    :path: Flutter/ephemeral/.symlinks/plugins/connectivity_plus/darwin
  device_info_plus:
    :path: Flutter/ephemeral/.symlinks/plugins/device_info_plus/macos
  file_selector_macos:
    :path: Flutter/ephemeral/.symlinks/plugins/file_selector_macos/macos
  flutter_secure_storage_macos:
    :path: Flutter/ephemeral/.symlinks/plugins/flutter_secure_storage_macos/macos
  flutter_webrtc:
    :path: Flutter/ephemeral/.symlinks/plugins/flutter_webrtc/macos
  FlutterMacOS:
    :path: Flutter/ephemeral
  irondash_engine_context:
    :path: Flutter/ephemeral/.symlinks/plugins/irondash_engine_context/macos
  path_provider_foundation:
    :path: Flutter/ephemeral/.symlinks/plugins/path_provider_foundation/darwin
  screen_retriever:
    :path: Flutter/ephemeral/.symlinks/plugins/screen_retriever/macos
  share_plus:
    :path: Flutter/ephemeral/.symlinks/plugins/share_plus/macos
  shared_preferences_foundation:
    :path: Flutter/ephemeral/.symlinks/plugins/shared_preferences_foundation/darwin
  smart_auth:
    :path: Flutter/ephemeral/.symlinks/plugins/smart_auth/macos
  sqflite:
    :path: Flutter/ephemeral/.symlinks/plugins/sqflite/darwin
  sqflite_sqlcipher:
    :path: Flutter/ephemeral/.symlinks/plugins/sqflite_sqlcipher/macos
  sqlite3_flutter_libs:
    :path: Flutter/ephemeral/.symlinks/plugins/sqlite3_flutter_libs/macos
  super_native_extensions:
    :path: Flutter/ephemeral/.symlinks/plugins/super_native_extensions/macos
  url_launcher_macos:
    :path: Flutter/ephemeral/.symlinks/plugins/url_launcher_macos/macos
  video_player_avfoundation:
    :path: Flutter/ephemeral/.symlinks/plugins/video_player_avfoundation/darwin
  window_manager:
    :path: Flutter/ephemeral/.symlinks/plugins/window_manager/macos

SPEC CHECKSUMS:
  connectivity_plus: 3f6c9057f4cd64198dc826edfb0542892f825343
  device_info_plus: a56e6e74dbbd2bb92f2da12c64ddd4f67a749041
  file_selector_macos: 6280b52b459ae6c590af5d78fc35c7267a3c4b31
  flutter_secure_storage_macos: b2d62a774c23b060f0b99d0173b0b36abb4a8632
  flutter_webrtc: f68f019e758ba8ea97d3a2aa5d85b3b25bce4015
  FlutterMacOS: d0db08ddef1a9af05a5ec4b724367152bb0500b1
  FMDB: 57486c1117fd8e0e6b947b2f54c3f42bf8e57a4e
  irondash_engine_context: 893c7d96d20ce361d7e996f39d360c4c2f9869ba
  path_provider_foundation: 080d55be775b7414fd5a5ef3ac137b97b097e564
  screen_retriever: 4f97c103641aab8ce183fa5af3b87029df167936
  share_plus: 11c7b7fa7020465584eca3ff6392c5bc1e399d6e
  shared_preferences_foundation: 9e1978ff2562383bd5676f64ec4e9aa8fa06a6f7
  smart_auth: e10f1d22af5d9e1a51964fb1826cb177f993a7e1
  sqflite: c35dad70033b8862124f8337cc994a809fcd9fa3
  sqflite_sqlcipher: d846d1e7fee3b15d2b0badadf8e6ddf649425d22
  SQLCipher: 905b145f65f349f26da9e60a19901ad24adcd381
  sqlite3: 0bb0e6389d824e40296f531b858a2a0b71c0d2fb
  sqlite3_flutter_libs: 03311aede9d32fb2d24e32bebb8cd01c3b2e6239
  super_native_extensions: c2795d6d9aedf4a79fae25cb6160b71b50549189
  url_launcher_macos: 0fba8ddabfc33ce0a9afe7c5fef5aab3d8d2d673
  video_player_avfoundation: 2cef49524dd1f16c5300b9cd6efd9611ce03639b
  WebRTC-SDK: c3d69a87e7185fad3568f6f3cff7c9ac5890acf3
  window_manager: 1d01fa7ac65a6e6f83b965471b1a7fdd3f06166c

PODFILE CHECKSUM: 16208599a12443d53889ba2270a4985981cfb204

COCOAPODS: 1.16.2
